
Microsoft Visual Studio Solution File, Format Version 12.00
# Visual Studio Version 16
VisualStudioVersion = 16.0.31321.278
MinimumVisualStudioVersion = 10.0.40219.1
Project("{FAE04EC0-301F-11D3-BF4B-00C04F79EFBC}") = "İngilizceKarakter", "İngilizceKarakter\İngilizceKarakter.csproj", "{CAC13E6D-E7FA-4574-BF55-BE8FA7A78974}"
EndProject
Global
	GlobalSection(SolutionConfigurationPlatforms) = preSolution
		Debug|Any CPU = Debug|Any CPU
		Release|Any CPU = Release|Any CPU
	EndGlobalSection
	GlobalSection(ProjectConfigurationPlatforms) = postSolution
		{CAC13E6D-E7FA-4574-BF55-BE8FA7A78974}.Debug|Any CPU.ActiveCfg = Debug|Any CPU
		{CAC13E6D-E7FA-4574-BF55-BE8FA7A78974}.Debug|Any CPU.Build.0 = Debug|Any CPU
		{CAC13E6D-E7FA-4574-BF55-BE8FA7A78974}.Release|Any CPU.ActiveCfg = Release|Any CPU
		{CAC13E6D-E7FA-4574-BF55-BE8FA7A78974}.Release|Any CPU.Build.0 = Release|Any CPU
	EndGlobalSection
	GlobalSection(SolutionProperties) = preSolution
		HideSolutionNode = FALSE
	EndGlobalSection
	GlobalSection(ExtensibilityGlobals) = postSolution
		SolutionGuid = {04F6F3C6-2DB1-472C-A00A-5492EF0C7E7B}
	EndGlobalSection
EndGlobal
